# This file is automatically @generated by Cargo.
# It is not intended for manual editing.
version = 4

[[package]]
name = "vectraparse-core"
version = "0.1.0"

[[package]]
name = "vectraparse-enhance"
version = "0.1.0"
dependencies = [
 "vectraparse-core",
 "vectraparse-parsers",
]

[[package]]
name = "vectraparse-ffi"
version = "0.1.0"
dependencies = [
 "vectraparse-core",
 "vectraparse-enhance",
 "vectraparse-mime",
 "vectraparse-parsers",
]

[[package]]
name = "vectraparse-mime"
version = "0.1.0"
dependencies = [
 "vectraparse-core",
]

[[package]]
name = "vectraparse-parsers"
version = "0.1.0"
dependencies = [
 "vectraparse-core",
 "vectraparse-mime",
]
